
Microsoft Visual Studio Solution File, Format Version 12.00
# Visual Studio Version 17
VisualStudioVersion = 17.13.35818.85 d17.13
MinimumVisualStudioVersion = 10.0.40219.1
Project("{FAE04EC0-301F-11D3-BF4B-00C04F79EFBC}") = "WebAPI02", "WebAPI02\WebAPI02.csproj", "{4833AD57-C6C5-440F-A7AB-1A26E12FBA40}"
EndProject
Global
	GlobalSection(SolutionConfigurationPlatforms) = preSolution
		Debug|Any CPU = Debug|Any CPU
		Release|Any CPU = Release|Any CPU
	EndGlobalSection
	GlobalSection(ProjectConfigurationPlatforms) = postSolution
		{4833AD57-C6C5-440F-A7AB-1A26E12FBA40}.Debug|Any CPU.ActiveCfg = Debug|Any CPU
		{4833AD57-C6C5-440F-A7AB-1A26E12FBA40}.Debug|Any CPU.Build.0 = Debug|Any CPU
		{4833AD57-C6C5-440F-A7AB-1A26E12FBA40}.Release|Any CPU.ActiveCfg = Release|Any CPU
		{4833AD57-C6C5-440F-A7AB-1A26E12FBA40}.Release|Any CPU.Build.0 = Release|Any CPU
	EndGlobalSection
	GlobalSection(SolutionProperties) = preSolution
		HideSolutionNode = FALSE
	EndGlobalSection
	GlobalSection(ExtensibilityGlobals) = postSolution
		SolutionGuid = {0CB46272-7B70-49DC-93EA-651C93080D53}
	EndGlobalSection
EndGlobal
